
Microsoft Visual Studio Solution File, Format Version 12.00
# Visual Studio Version 16
VisualStudioVersion = 16.0.29519.181
MinimumVisualStudioVersion = 10.0.40219.1
Project("{FAE04EC0-301F-11D3-BF4B-00C04F79EFBC}") = "CalcGUI", "CalcGUI.csproj", "{C7F7D1AC-AFB7-4575-A354-0DF773CC1DF6}"
EndProject
Global
	GlobalSection(SolutionConfigurationPlatforms) = preSolution
		Debug|Any CPU = Debug|Any CPU
		Release|Any CPU = Release|Any CPU
	EndGlobalSection
	GlobalSection(ProjectConfigurationPlatforms) = postSolution
		{C7F7D1AC-AFB7-4575-A354-0DF773CC1DF6}.Debug|Any CPU.ActiveCfg = Debug|Any CPU
		{C7F7D1AC-AFB7-4575-A354-0DF773CC1DF6}.Debug|Any CPU.Build.0 = Debug|Any CPU
		{C7F7D1AC-AFB7-4575-A354-0DF773CC1DF6}.Release|Any CPU.ActiveCfg = Release|Any CPU
		{C7F7D1AC-AFB7-4575-A354-0DF773CC1DF6}.Release|Any CPU.Build.0 = Release|Any CPU
	EndGlobalSection
	GlobalSection(SolutionProperties) = preSolution
		HideSolutionNode = FALSE
	EndGlobalSection
	GlobalSection(ExtensibilityGlobals) = postSolution
		SolutionGuid = {499EB43B-1A4B-44A7-9B8A-F04A1D391E52}
	EndGlobalSection
EndGlobal
